schema: '2.0'
stages:
  data_cleaning:
    cmd: python src/data/data_cleaning.py
    deps:
    - path: data/raw/swiggy.csv
      hash: md5
      md5: 0b050b37dfe6cfbfaa18d7cb4e454377
      size: 7772212
    - path: src/data/data_cleaning.py
      hash: md5
      md5: 2162dc1c881b68da95f5cdc132108c3b
      size: 9521
    outs:
    - path: data/cleaned/swiggy_cleaned.csv
      hash: md5
      md5: 4918716e52fc57babdcd400dfb3c3f29
      size: 4508527
  data_preparation:
    cmd: python src/data/data_preparation.py
    deps:
    - path: data/cleaned/swiggy_cleaned.csv
      hash: md5
      md5: 4918716e52fc57babdcd400dfb3c3f29
      size: 4508527
    - path: src/data/data_preparation.py
      hash: md5
      md5: 46073c9715ca04260bd1df6354f2d867
      size: 3009
    params:
      params.yaml:
        Data_Preparation.random_state: 20
        Data_Preparation.test_size: 0.25
    outs:
    - path: data/interim/test.csv
      hash: md5
      md5: 0d693b9c4c0e38a39c8caff506af4a29
      size: 1127370
    - path: data/interim/train.csv
      hash: md5
      md5: d573b8f45739a8b3fb87078570ba827f
      size: 3378199
  data_preprocessing:
    cmd: python src/features/data_preprocessing.py
    deps:
    - path: data/interim/test.csv
      hash: md5
      md5: 0d693b9c4c0e38a39c8caff506af4a29
      size: 1127370
    - path: data/interim/train.csv
      hash: md5
      md5: d573b8f45739a8b3fb87078570ba827f
      size: 3378199
    - path: src/features/data_preprocessing.py
      hash: md5
      md5: 0d57fa9edfb286bad4167977f06a184e
      size: 6951
    outs:
    - path: data/processed/test_trans.csv
      hash: md5
      md5: a8e64e7c31f6be02e580780617a31fa2
      size: 1353974
    - path: data/processed/train_trans.csv
      hash: md5
      md5: d5a603a842a31ce99ad8cc66b34ad9ca
      size: 4064759
    - path: models/preprocessor.joblib
      hash: md5
      md5: ba2fed1a4b885264411bac0cbff12512
      size: 7464
  train:
    cmd: python src/models/train.py
    deps:
    - path: data/processed/train_trans.csv
      hash: md5
      md5: d5a603a842a31ce99ad8cc66b34ad9ca
      size: 4064759
    - path: src/models/train.py
      hash: md5
      md5: 7e3fdfe8e1b25a08b4d2dad297d03c78
      size: 4912
    params:
      params.yaml:
        Train.LightGBM:
          n_estimators: 57
          max_depth: 18
          learning_rate: 0.11508843979525717
          subsample: 0.8219692257816482
          min_child_weight: 12
          min_split_gain: 0.1266801534144861
          reg_lambda: 70.7734573994436
          n_jobs: -1
        Train.Random_Forest:
          n_estimators: 372
          criterion: squared_error
          max_depth: 30
          max_features:
          min_samples_split: 7
          min_samples_leaf: 3
          max_samples: 0.5003890142288723
          verbose: 1
          n_jobs: -1
    outs:
    - path: models/model.joblib
      hash: md5
      md5: 228f35a607ba2e3706f022c9db8230f1
      size: 143424344
    - path: models/power_transformer.joblib
      hash: md5
      md5: 47ebf3097f44bb98d9696df90f411f1c
      size: 837
    - path: models/stacking_regressor.joblib
      hash: md5
      md5: 7658102f997061ffeb5d703191458e66
      size: 143408570
  evaluation:
    cmd: python src/models/evaluation.py
    deps:
    - path: data/processed/test_trans.csv
      hash: md5
      md5: a8e64e7c31f6be02e580780617a31fa2
      size: 1353974
    - path: data/processed/train_trans.csv
      hash: md5
      md5: d5a603a842a31ce99ad8cc66b34ad9ca
      size: 4064759
    - path: models/model.joblib
      hash: md5
      md5: 228f35a607ba2e3706f022c9db8230f1
      size: 143424344
    - path: src/models/evaluation.py
      hash: md5
      md5: accd281fa377a2e08b890f2db80ac435
      size: 5994
    outs:
    - path: run_information.json
      hash: md5
      md5: fa83ffd7322094c8732b5cd5ddbfe8a4
      size: 220
  register_model:
    cmd: python src/models/register_model.py
    deps:
    - path: run_information.json
      hash: md5
      md5: fa83ffd7322094c8732b5cd5ddbfe8a4
      size: 220
    - path: src/models/register_model.py
      hash: md5
      md5: c26245806c924806adcf884ba0fa0874
      size: 2148
